// !$*UTF8*$!
{
	archiveVersion = 1;
	classes = {
	};
	objectVersion = 56;
	objects = {

/* Begin PBXBuildFile section */
		160117712CE988F50075D364 /* Bourgeois-BoldCond.otf in Resources */ = {isa = PBXBuildFile; fileRef = 160117702CE988F50075D364 /* Bourgeois-BoldCond.otf */; };
		160117772CE98DF30075D364 /* Bourgeois-BookCondItal.otf in Resources */ = {isa = PBXBuildFile; fileRef = 160117762CE98DF30075D364 /* Bourgeois-BookCondItal.otf */; };
		161004522CE2733700BEC815 /* TradingCardsApp.swift in Sources */ = {isa = PBXBuildFile; fileRef = 161004512CE2733700BEC815 /* TradingCardsApp.swift */; };
		161004562CE2733C00BEC815 /* Assets.xcassets in Resources */ = {isa = PBXBuildFile; fileRef = 161004552CE2733C00BEC815 /* Assets.xcassets */; };
		161004592CE2733C00BEC815 /* Preview Assets.xcassets in Resources */ = {isa = PBXBuildFile; fileRef = 161004582CE2733C00BEC815 /* Preview Assets.xcassets */; };
		169D068D2CFAC973004AF9D6 /* CardsTabView.swift in Sources */ = {isa = PBXBuildFile; fileRef = 169D068C2CFAC973004AF9D6 /* CardsTabView.swift */; };
		169D068F2CFACCE6004AF9D6 /* Bar.swift in Sources */ = {isa = PBXBuildFile; fileRef = 169D068E2CFACCE5004AF9D6 /* Bar.swift */; };
		16F92BC32CE97FA700803F77 /* CardsView.swift in Sources */ = {isa = PBXBuildFile; fileRef = 16F92BC22CE97FA700803F77 /* CardsView.swift */; };
		16FA872B2CFA6A8F00855438 /* CardsDetailView.swift in Sources */ = {isa = PBXBuildFile; fileRef = 16FA872A2CFA6A8E00855438 /* CardsDetailView.swift */; };
		16FA87322CFA6B9400855438 /* Cards.swift in Sources */ = {isa = PBXBuildFile; fileRef = 16FA87312CFA6B9400855438 /* Cards.swift */; };
/* End PBXBuildFile section */

/* Begin PBXFileReference section */
		160117702CE988F50075D364 /* Bourgeois-BoldCond.otf */ = {isa = PBXFileReference; lastKnownFileType = file; path = "Bourgeois-BoldCond.otf"; sourceTree = "<group>"; };
		160117732CE98AD00075D364 /* Info.plist */ = {isa = PBXFileReference; lastKnownFileType = text.plist; path = Info.plist; sourceTree = "<group>"; };
		160117762CE98DF30075D364 /* Bourgeois-BookCondItal.otf */ = {isa = PBXFileReference; lastKnownFileType = file; path = "Bourgeois-BookCondItal.otf"; sourceTree = "<group>"; };
		1610044E2CE2733700BEC815 /* TradingCards.app */ = {isa = PBXFileReference; explicitFileType = wrapper.application; includeInIndex = 0; path = TradingCards.app; sourceTree = BUILT_PRODUCTS_DIR; };
		161004512CE2733700BEC815 /* TradingCardsApp.swift */ = {isa = PBXFileReference; lastKnownFileType = sourcecode.swift; path = TradingCardsApp.swift; sourceTree = "<group>"; };
		161004552CE2733C00BEC815 /* Assets.xcassets */ = {isa = PBXFileReference; lastKnownFileType = folder.assetcatalog; path = Assets.xcassets; sourceTree = "<group>"; };
		161004582CE2733C00BEC815 /* Preview Assets.xcassets */ = {isa = PBXFileReference; lastKnownFileType = folder.assetcatalog; path = "Preview Assets.xcassets"; sourceTree = "<group>"; };
		169D068C2CFAC973004AF9D6 /* CardsTabView.swift */ = {isa = PBXFileReference; lastKnownFileType = sourcecode.swift; path = CardsTabView.swift; sourceTree = "<group>"; };
		169D068E2CFACCE5004AF9D6 /* Bar.swift */ = {isa = PBXFileReference; lastKnownFileType = sourcecode.swift; path = Bar.swift; sourceTree = "<group>"; };
		16F92BC22CE97FA700803F77 /* CardsView.swift */ = {isa = PBXFileReference; lastKnownFileType = sourcecode.swift; path = CardsView.swift; sourceTree = "<group>"; };
		16FA872A2CFA6A8E00855438 /* CardsDetailView.swift */ = {isa = PBXFileReference; lastKnownFileType = sourcecode.swift; path = CardsDetailView.swift; sourceTree = "<group>"; };
		16FA87312CFA6B9400855438 /* Cards.swift */ = {isa = PBXFileReference; lastKnownFileType = sourcecode.swift; path = Cards.swift; sourceTree = "<group>"; };
/* End PBXFileReference section */

/* Begin PBXFrameworksBuildPhase section */
		1610044B2CE2733700BEC815 /* Frameworks */ = {
			isa = PBXFrameworksBuildPhase;
			buildActionMask = 2147483647;
			files = (
			);
			runOnlyForDeploymentPostprocessing = 0;
		};
/* End PBXFrameworksBuildPhase section */

/* Begin PBXGroup section */
		160117722CE989070075D364 /* Fonts */ = {
			isa = PBXGroup;
			children = (
				160117702CE988F50075D364 /* Bourgeois-BoldCond.otf */,
				160117762CE98DF30075D364 /* Bourgeois-BookCondItal.otf */,
			);
			path = Fonts;
			sourceTree = "<group>";
		};
		161004452CE2733700BEC815 = {
			isa = PBXGroup;
			children = (
				161004502CE2733700BEC815 /* TradingCards */,
				1610044F2CE2733700BEC815 /* Products */,
			);
			sourceTree = "<group>";
		};
		1610044F2CE2733700BEC815 /* Products */ = {
			isa = PBXGroup;
			children = (
				1610044E2CE2733700BEC815 /* TradingCards.app */,
			);
			name = Products;
			sourceTree = "<group>";
		};
		161004502CE2733700BEC815 /* TradingCards */ = {
			isa = PBXGroup;
			children = (
				160117732CE98AD00075D364 /* Info.plist */,
				161004512CE2733700BEC815 /* TradingCardsApp.swift */,
				161004552CE2733C00BEC815 /* Assets.xcassets */,
				16FA87292CFA6A5A00855438 /* Views */,
				16FA87302CFA6B1E00855438 /* Models */,
				160117722CE989070075D364 /* Fonts */,
				161004572CE2733C00BEC815 /* Preview Content */,
			);
			path = TradingCards;
			sourceTree = "<group>";
		};
		161004572CE2733C00BEC815 /* Preview Content */ = {
			isa = PBXGroup;
			children = (
				161004582CE2733C00BEC815 /* Preview Assets.xcassets */,
			);
			path = "Preview Content";
			sourceTree = "<group>";
		};
		16FA87292CFA6A5A00855438 /* Views */ = {
			isa = PBXGroup;
			children = (
				169D068C2CFAC973004AF9D6 /* CardsTabView.swift */,
				16FA872A2CFA6A8E00855438 /* CardsDetailView.swift */,
				16F92BC22CE97FA700803F77 /* CardsView.swift */,
				169D068E2CFACCE5004AF9D6 /* Bar.swift */,
			);
			path = Views;
			sourceTree = "<group>";
		};
		16FA87302CFA6B1E00855438 /* Models */ = {
			isa = PBXGroup;
			children = (
				16FA87312CFA6B9400855438 /* Cards.swift */,
			);
			path = Models;
			sourceTree = "<group>";
		};
/* End PBXGroup section */

/* Begin PBXNativeTarget section */
		1610044D2CE2733700BEC815 /* TradingCards */ = {
			isa = PBXNativeTarget;
			buildConfigurationList = 1610045C2CE2733C00BEC815 /* Build configuration list for PBXNativeTarget "TradingCards" */;
			buildPhases = (
				1610044A2CE2733700BEC815 /* Sources */,
				1610044B2CE2733700BEC815 /* Frameworks */,
				1610044C2CE2733700BEC815 /* Resources */,
			);
			buildRules = (
			);
			dependencies = (
			);
			name = TradingCards;
			productName = TradingCards;
			productReference = 1610044E2CE2733700BEC815 /* TradingCards.app */;
			productType = "com.apple.product-type.application";
		};
/* End PBXNativeTarget section */

/* Begin PBXProject section */
		161004462CE2733700BEC815 /* Project object */ = {
			isa = PBXProject;
			attributes = {
				BuildIndependentTargetsInParallel = 1;
				LastSwiftUpdateCheck = 1520;
				LastUpgradeCheck = 1520;
				TargetAttributes = {
					1610044D2CE2733700BEC815 = {
						CreatedOnToolsVersion = 15.2;
					};
				};
			};
			buildConfigurationList = 161004492CE2733700BEC815 /* Build configuration list for PBXProject "TradingCards" */;
			compatibilityVersion = "Xcode 14.0";
			developmentRegion = en;
			hasScannedForEncodings = 0;
			knownRegions = (
				en,
				Base,
			);
			mainGroup = 161004452CE2733700BEC815;
			productRefGroup = 1610044F2CE2733700BEC815 /* Products */;
			projectDirPath = "";
			projectRoot = "";
			targets = (
				1610044D2CE2733700BEC815 /* TradingCards */,
			);
		};
/* End PBXProject section */

/* Begin PBXResourcesBuildPhase section */
		1610044C2CE2733700BEC815 /* Resources */ = {
			isa = PBXResourcesBuildPhase;
			buildActionMask = 2147483647;
			files = (
				160117712CE988F50075D364 /* Bourgeois-BoldCond.otf in Resources */,
				161004592CE2733C00BEC815 /* Preview Assets.xcassets in Resources */,
				160117772CE98DF30075D364 /* Bourgeois-BookCondItal.otf in Resources */,
				161004562CE2733C00BEC815 /* Assets.xcassets in Resources */,
			);
			runOnlyForDeploymentPostprocessing = 0;
		};
/* End PBXResourcesBuildPhase section */

/* Begin PBXSourcesBuildPhase section */
		1610044A2CE2733700BEC815 /* Sources */ = {
			isa = PBXSourcesBuildPhase;
			buildActionMask = 2147483647;
			files = (
				16FA872B2CFA6A8F00855438 /* CardsDetailView.swift in Sources */,
				169D068F2CFACCE6004AF9D6 /* Bar.swift in Sources */,
				16F92BC32CE97FA700803F77 /* CardsView.swift in Sources */,
				161004522CE2733700BEC815 /* TradingCardsApp.swift in Sources */,
				16FA87322CFA6B9400855438 /* Cards.swift in Sources */,
				169D068D2CFAC973004AF9D6 /* CardsTabView.swift in Sources */,
			);
			runOnlyForDeploymentPostprocessing = 0;
		};
/* End PBXSourcesBuildPhase section */

/* Begin XCBuildConfiguration section */
		1610045A2CE2733C00BEC815 /* Debug */ = {
			isa = XCBuildConfiguration;
			buildSettings = {
				ALWAYS_SEARCH_USER_PATHS = NO;
				ASSETCATALOG_COMPILER_GENERATE_SWIFT_ASSET_SYMBOL_EXTENSIONS = YES;
				CLANG_ANALYZER_NONNULL = YES;
				CLANG_ANALYZER_NUMBER_OBJECT_CONVERSION = YES_AGGRESSIVE;
				CLANG_CXX_LANGUAGE_STANDARD = "gnu++20";
				CLANG_ENABLE_MODULES = YES;
				CLANG_ENABLE_OBJC_ARC = YES;
				CLANG_ENABLE_OBJC_WEAK = YES;
				CLANG_WARN_BLOCK_CAPTURE_AUTORELEASING = YES;
				CLANG_WARN_BOOL_CONVERSION = YES;
				CLANG_WARN_COMMA = YES;
				CLANG_WARN_CONSTANT_CONVERSION = YES;
				CLANG_WARN_DEPRECATED_OBJC_IMPLEMENTATIONS = YES;
				CLANG_WARN_DIRECT_OBJC_ISA_USAGE = YES_ERROR;
				CLANG_WARN_DOCUMENTATION_COMMENTS = YES;
				CLANG_WARN_EMPTY_BODY = YES;
				CLANG_WARN_ENUM_CONVERSION = YES;
				CLANG_WARN_INFINITE_RECURSION = YES;
				CLANG_WARN_INT_CONVERSION = YES;
				CLANG_WARN_NON_LITERAL_NULL_CONVERSION = YES;
				CLANG_WARN_OBJC_IMPLICIT_RETAIN_SELF = YES;
				CLANG_WARN_OBJC_LITERAL_CONVERSION = YES;
				CLANG_WARN_OBJC_ROOT_CLASS = YES_ERROR;
				CLANG_WARN_QUOTED_INCLUDE_IN_FRAMEWORK_HEADER = YES;
				CLANG_WARN_RANGE_LOOP_ANALYSIS = YES;
				CLANG_WARN_STRICT_PROTOTYPES = YES;
				CLANG_WARN_SUSPICIOUS_MOVE = YES;
				CLANG_WARN_UNGUARDED_AVAILABILITY = YES_AGGRESSIVE;
				CLANG_WARN_UNREACHABLE_CODE = YES;
				CLANG_WARN__DUPLICATE_METHOD_MATCH = YES;
				COPY_PHASE_STRIP = NO;
				DEBUG_INFORMATION_FORMAT = dwarf;
				ENABLE_STRICT_OBJC_MSGSEND = YES;
				ENABLE_TESTABILITY = YES;
				ENABLE_USER_SCRIPT_SANDBOXING = YES;
				GCC_C_LANGUAGE_STANDARD = gnu17;
				GCC_DYNAMIC_NO_PIC = NO;
				GCC_NO_COMMON_BLOCKS = YES;
				GCC_OPTIMIZATION_LEVEL = 0;
				GCC_PREPROCESSOR_DEFINITIONS = (
					"DEBUG=1",
					"$(inherited)",
				);
				GCC_WARN_64_TO_32_BIT_CONVERSION = YES;
				GCC_WARN_ABOUT_RETURN_TYPE = YES_ERROR;
				GCC_WARN_UNDECLARED_SELECTOR = YES;
				GCC_WARN_UNINITIALIZED_AUTOS = YES_AGGRESSIVE;
				GCC_WARN_UNUSED_FUNCTION = YES;
				GCC_WARN_UNUSED_VARIABLE = YES;
				IPHONEOS_DEPLOYMENT_TARGET = 17.2;
				LOCALIZATION_PREFERS_STRING_CATALOGS = YES;
				MTL_ENABLE_DEBUG_INFO = INCLUDE_SOURCE;
				MTL_FAST_MATH = YES;
				ONLY_ACTIVE_ARCH = YES;
				SDKROOT = iphoneos;
				SWIFT_ACTIVE_COMPILATION_CONDITIONS = "DEBUG $(inherited)";
				SWIFT_OPTIMIZATION_LEVEL = "-Onone";
			};
			name = Debug;
		};
		1610045B2CE2733C00BEC815 /* Release */ = {
			isa = XCBuildConfiguration;
			buildSettings = {
				ALWAYS_SEARCH_USER_PATHS = NO;
				ASSETCATALOG_COMPILER_GENERATE_SWIFT_ASSET_SYMBOL_EXTENSIONS = YES;
				CLANG_ANALYZER_NONNULL = YES;
				CLANG_ANALYZER_NUMBER_OBJECT_CONVERSION = YES_AGGRESSIVE;
				CLANG_CXX_LANGUAGE_STANDARD = "gnu++20";
				CLANG_ENABLE_MODULES = YES;
				CLANG_ENABLE_OBJC_ARC = YES;
				CLANG_ENABLE_OBJC_WEAK = YES;
				CLANG_WARN_BLOCK_CAPTURE_AUTORELEASING = YES;
				CLANG_WARN_BOOL_CONVERSION = YES;
				CLANG_WARN_COMMA = YES;
				CLANG_WARN_CONSTANT_CONVERSION = YES;
				CLANG_WARN_DEPRECATED_OBJC_IMPLEMENTATIONS = YES;
				CLANG_WARN_DIRECT_OBJC_ISA_USAGE = YES_ERROR;
				CLANG_WARN_DOCUMENTATION_COMMENTS = YES;
				CLANG_WARN_EMPTY_BODY = YES;
				CLANG_WARN_ENUM_CONVERSION = YES;
				CLANG_WARN_INFINITE_RECURSION = YES;
				CLANG_WARN_INT_CONVERSION = YES;
				CLANG_WARN_NON_LITERAL_NULL_CONVERSION = YES;
				CLANG_WARN_OBJC_IMPLICIT_RETAIN_SELF = YES;
				CLANG_WARN_OBJC_LITERAL_CONVERSION = YES;
				CLANG_WARN_OBJC_ROOT_CLASS = YES_ERROR;
				CLANG_WARN_QUOTED_INCLUDE_IN_FRAMEWORK_HEADER = YES;
				CLANG_WARN_RANGE_LOOP_ANALYSIS = YES;
				CLANG_WARN_STRICT_PROTOTYPES = YES;
				CLANG_WARN_SUSPICIOUS_MOVE = YES;
				CLANG_WARN_UNGUARDED_AVAILABILITY = YES_AGGRESSIVE;
				CLANG_WARN_UNREACHABLE_CODE = YES;
				CLANG_WARN__DUPLICATE_METHOD_MATCH = YES;
				COPY_PHASE_STRIP = NO;
				DEBUG_INFORMATION_FORMAT = "dwarf-with-dsym";
				ENABLE_NS_ASSERTIONS = NO;
				ENABLE_STRICT_OBJC_MSGSEND = YES;
				ENABLE_USER_SCRIPT_SANDBOXING = YES;
				GCC_C_LANGUAGE_STANDARD = gnu17;
				GCC_NO_COMMON_BLOCKS = YES;
				GCC_WARN_64_TO_32_BIT_CONVERSION = YES;
				GCC_WARN_ABOUT_RETURN_TYPE = YES_ERROR;
				GCC_WARN_UNDECLARED_SELECTOR = YES;
				GCC_WARN_UNINITIALIZED_AUTOS = YES_AGGRESSIVE;
				GCC_WARN_UNUSED_FUNCTION = YES;
				GCC_WARN_UNUSED_VARIABLE = YES;
				IPHONEOS_DEPLOYMENT_TARGET = 17.2;
				LOCALIZATION_PREFERS_STRING_CATALOGS = YES;
				MTL_ENABLE_DEBUG_INFO = NO;
				MTL_FAST_MATH = YES;
				SDKROOT = iphoneos;
				SWIFT_COMPILATION_MODE = wholemodule;
				VALIDATE_PRODUCT = YES;
			};
			name = Release;
		};
		1610045D2CE2733C00BEC815 /* Debug */ = {
			isa = XCBuildConfiguration;
			buildSettings = {
				ASSETCATALOG_COMPILER_APPICON_NAME = AppIcon;
				ASSETCATALOG_COMPILER_GLOBAL_ACCENT_COLOR_NAME = AccentColor;
				CODE_SIGN_STYLE = Automatic;
				CURRENT_PROJECT_VERSION = 1;
				DEVELOPMENT_ASSET_PATHS = "\"TradingCards/Preview Content\"";
				DEVELOPMENT_TEAM = 4UG443984D;
				ENABLE_PREVIEWS = YES;
				GENERATE_INFOPLIST_FILE = YES;
				INFOPLIST_FILE = TradingCards/Info.plist;
				INFOPLIST_KEY_UIApplicationSceneManifest_Generation = YES;
				INFOPLIST_KEY_UIApplicationSupportsIndirectInputEvents = YES;
				INFOPLIST_KEY_UILaunchScreen_Generation = YES;
				INFOPLIST_KEY_UISupportedInterfaceOrientations_iPad = "UIInterfaceOrientationPortrait UIInterfaceOrientationPortraitUpsideDown UIInterfaceOrientationLandscapeLeft UIInterfaceOrientationLandscapeRight";
				INFOPLIST_KEY_UISupportedInterfaceOrientations_iPhone = "UIInterfaceOrientationPortrait UIInterfaceOrientationLandscapeLeft UIInterfaceOrientationLandscapeRight";
				LD_RUNPATH_SEARCH_PATHS = (
					"$(inherited)",
					"@executable_path/Frameworks",
				);
				MARKETING_VERSION = 1.0;
				PRODUCT_BUNDLE_IDENTIFIER = ca.couragezeng.TradingCards;
				PRODUCT_NAME = "$(TARGET_NAME)";
				SWIFT_EMIT_LOC_STRINGS = YES;
				SWIFT_VERSION = 5.0;
				TARGETED_DEVICE_FAMILY = "1,2";
			};
			name = Debug;
		};
		1610045E2CE2733C00BEC815 /* Release */ = {
			isa = XCBuildConfiguration;
			buildSettings = {
				ASSETCATALOG_COMPILER_APPICON_NAME = AppIcon;
				ASSETCATALOG_COMPILER_GLOBAL_ACCENT_COLOR_NAME = AccentColor;
				CODE_SIGN_STYLE = Automatic;
				CURRENT_PROJECT_VERSION = 1;
				DEVELOPMENT_ASSET_PATHS = "\"TradingCards/Preview Content\"";
				DEVELOPMENT_TEAM = 4UG443984D;
				ENABLE_PREVIEWS = YES;
				GENERATE_INFOPLIST_FILE = YES;
				INFOPLIST_FILE = TradingCards/Info.plist;
				INFOPLIST_KEY_UIApplicationSceneManifest_Generation = YES;
				INFOPLIST_KEY_UIApplicationSupportsIndirectInputEvents = YES;
				INFOPLIST_KEY_UILaunchScreen_Generation = YES;
				INFOPLIST_KEY_UISupportedInterfaceOrientations_iPad = "UIInterfaceOrientationPortrait UIInterfaceOrientationPortraitUpsideDown UIInterfaceOrientationLandscapeLeft UIInterfaceOrientationLandscapeRight";
				INFOPLIST_KEY_UISupportedInterfaceOrientations_iPhone = "UIInterfaceOrientationPortrait UIInterfaceOrientationLandscapeLeft UIInterfaceOrientationLandscapeRight";
				LD_RUNPATH_SEARCH_PATHS = (
					"$(inherited)",
					"@executable_path/Frameworks",
				);
				MARKETING_VERSION = 1.0;
				PRODUCT_BUNDLE_IDENTIFIER = ca.couragezeng.TradingCards;
				PRODUCT_NAME = "$(TARGET_NAME)";
				SWIFT_EMIT_LOC_STRINGS = YES;
				SWIFT_VERSION = 5.0;
				TARGETED_DEVICE_FAMILY = "1,2";
			};
			name = Release;
		};
/* End XCBuildConfiguration section */

/* Begin XCConfigurationList section */
		161004492CE2733700BEC815 /* Build configuration list for PBXProject "TradingCards" */ = {
			isa = XCConfigurationList;
			buildConfigurations = (
				1610045A2CE2733C00BEC815 /* Debug */,
				1610045B2CE2733C00BEC815 /* Release */,
			);
			defaultConfigurationIsVisible = 0;
			defaultConfigurationName = Release;
		};
		1610045C2CE2733C00BEC815 /* Build configuration list for PBXNativeTarget "TradingCards" */ = {
			isa = XCConfigurationList;
			buildConfigurations = (
				1610045D2CE2733C00BEC815 /* Debug */,
				1610045E2CE2733C00BEC815 /* Release */,
			);
			defaultConfigurationIsVisible = 0;
			defaultConfigurationName = Release;
		};
/* End XCConfigurationList section */
	};
	rootObject = 161004462CE2733700BEC815 /* Project object */;
}
